
Microsoft Visual Studio Solution File, Format Version 12.00
# Visual Studio 14
VisualStudioVersion = 14.0.24720.0
MinimumVisualStudioVersion = 10.0.40219.1
Project("{8BC9CEB8-8B4A-11D0-8D11-00A0C91BC942}") = "GoL", "Demo.vcxproj", "{DD394930-C122-4FF1-843E-CD60B98EABEB}"
EndProject
Global
	GlobalSection(SolutionConfigurationPlatforms) = preSolution
		CE|CE = CE|CE
	EndGlobalSection
	GlobalSection(ProjectConfigurationPlatforms) = postSolution
		{DD394930-C122-4FF1-843E-CD60B98EABEB}.CE|CE.ActiveCfg = Debug|Win32
		{DD394930-C122-4FF1-843E-CD60B98EABEB}.CE|CE.Build.0 = Debug|Win32
	EndGlobalSection
	GlobalSection(SolutionProperties) = preSolution
		HideSolutionNode = FALSE
	EndGlobalSection
EndGlobal
